<Solution>
  <Project Path="KawaPaint.App/KawaPaint.App.csproj" />
  <Project Path="KawaPaint.Browser/KawaPaint.Browser.csproj" />
  <Project Path="KawaPaint.Desktop/KawaPaint.Desktop.csproj" />
  <Project Path="KawaPaint.Engine/KawaPaint.Engine.csproj" />
  <Project Path="KawaPaint.Sandbox/KawaPaint.Sandbox.csproj" />
</Solution>
